
Microsoft Visual Studio Solution File, Format Version 12.00
# Visual Studio 15
VisualStudioVersion = 15.0.28307.1231
MinimumVisualStudioVersion = 10.0.40219.1
Project("{FAE04EC0-301F-11D3-BF4B-00C04F79EFBC}") = "CLASE 7", "CLASE 7\CLASE 7.csproj", "{8771A085-CE0E-4674-97DA-6A77713B98E1}"
EndProject
Global
	GlobalSection(SolutionConfigurationPlatforms) = preSolution
		Debug|Any CPU = Debug|Any CPU
		Release|Any CPU = Release|Any CPU
	EndGlobalSection
	GlobalSection(ProjectConfigurationPlatforms) = postSolution
		{8771A085-CE0E-4674-97DA-6A77713B98E1}.Debug|Any CPU.ActiveCfg = Debug|Any CPU
		{8771A085-CE0E-4674-97DA-6A77713B98E1}.Debug|Any CPU.Build.0 = Debug|Any CPU
		{8771A085-CE0E-4674-97DA-6A77713B98E1}.Release|Any CPU.ActiveCfg = Release|Any CPU
		{8771A085-CE0E-4674-97DA-6A77713B98E1}.Release|Any CPU.Build.0 = Release|Any CPU
	EndGlobalSection
	GlobalSection(SolutionProperties) = preSolution
		HideSolutionNode = FALSE
	EndGlobalSection
	GlobalSection(ExtensibilityGlobals) = postSolution
		SolutionGuid = {760FC9FC-A6E8-44EC-960A-C75818325CC6}
	EndGlobalSection
EndGlobal
